// !$*UTF8*$!
{
	archiveVersion = 1;
	classes = {
	};
	objectVersion = 50;
	objects = {

/* Begin PBXBuildFile section */
		980DBEDB25BA611F00A80AA0 /* ShoppingSummaryViewController.swift in Sources */ = {isa = PBXBuildFile; fileRef = 980DBEDA25BA611F00A80AA0 /* ShoppingSummaryViewController.swift */; };
		9875BECF25B3A63A00CED5F5 /* AddProduct.storyboard in Resources */ = {isa = PBXBuildFile; fileRef = 9875BECE25B3A63A00CED5F5 /* AddProduct.storyboard */; };
		98FB0A7825A3F9CB003B4F36 /* UITableView+EmptyMessage.swift in Sources */ = {isa = PBXBuildFile; fileRef = 98FB0A7725A3F9CB003B4F36 /* UITableView+EmptyMessage.swift */; };
		98FB0A7C25A3FB83003B4F36 /* ShoppingItem.swift in Sources */ = {isa = PBXBuildFile; fileRef = 98FB0A7B25A3FB83003B4F36 /* ShoppingItem.swift */; };
		98FB9B912597C553008F6674 /* AppDelegate.swift in Sources */ = {isa = PBXBuildFile; fileRef = 98FB9B902597C553008F6674 /* AppDelegate.swift */; };
		98FB9B952597C553008F6674 /* ProductListViewController.swift in Sources */ = {isa = PBXBuildFile; fileRef = 98FB9B942597C553008F6674 /* ProductListViewController.swift */; };
		98FB9B9B2597C553008F6674 /* HeltonHeltonLyanRicardo.xcdatamodeld in Sources */ = {isa = PBXBuildFile; fileRef = 98FB9B992597C553008F6674 /* HeltonHeltonLyanRicardo.xcdatamodeld */; };
		98FB9B9D2597C555008F6674 /* Assets.xcassets in Resources */ = {isa = PBXBuildFile; fileRef = 98FB9B9C2597C555008F6674 /* Assets.xcassets */; };
		CC32DDAD25B6644100574795 /* LaunchScreen.storyboard in Resources */ = {isa = PBXBuildFile; fileRef = CC32DDAC25B6644100574795 /* LaunchScreen.storyboard */; };
		EB13C00425B9B913007861E0 /* NewProductViewController.swift in Sources */ = {isa = PBXBuildFile; fileRef = EB13C00325B9B913007861E0 /* NewProductViewController.swift */; };
		EB13C00A25BA3922007861E0 /* ToolbarPickerView.swift in Sources */ = {isa = PBXBuildFile; fileRef = EB13C00925BA3922007861E0 /* ToolbarPickerView.swift */; };
		EB1B058325AFDAEF00525FBA /* ShoppingSummary.storyboard in Resources */ = {isa = PBXBuildFile; fileRef = EB1B057F25AFDAEE00525FBA /* ShoppingSummary.storyboard */; };
		EB1B058425AFDAEF00525FBA /* ShoppingList.storyboard in Resources */ = {isa = PBXBuildFile; fileRef = EB1B058025AFDAEF00525FBA /* ShoppingList.storyboard */; };
		EB1B058525AFDAEF00525FBA /* Settings.storyboard in Resources */ = {isa = PBXBuildFile; fileRef = EB1B058125AFDAEF00525FBA /* Settings.storyboard */; };
		EB1B058625AFDAEF00525FBA /* Main.storyboard in Resources */ = {isa = PBXBuildFile; fileRef = EB1B058225AFDAEF00525FBA /* Main.storyboard */; };
		EBCE761225B62A36007A471E /* SettingsViewController.swift in Sources */ = {isa = PBXBuildFile; fileRef = EBCE761125B62A36007A471E /* SettingsViewController.swift */; };
		EBCE761925B633CC007A471E /* StateTableViewCell.swift in Sources */ = {isa = PBXBuildFile; fileRef = EBCE761825B633CC007A471E /* StateTableViewCell.swift */; };
		EBCE761D25B63DEA007A471E /* Settings.bundle in Resources */ = {isa = PBXBuildFile; fileRef = EBCE761C25B63DEA007A471E /* Settings.bundle */; };
		EBEA86A725BA457500B7E945 /* ProductTableViewCell.swift in Sources */ = {isa = PBXBuildFile; fileRef = EBEA86A625BA457500B7E945 /* ProductTableViewCell.swift */; };
/* End PBXBuildFile section */

/* Begin PBXFileReference section */
		980DBEDA25BA611F00A80AA0 /* ShoppingSummaryViewController.swift */ = {isa = PBXFileReference; lastKnownFileType = sourcecode.swift; path = ShoppingSummaryViewController.swift; sourceTree = "<group>"; };
		9875BECE25B3A63A00CED5F5 /* AddProduct.storyboard */ = {isa = PBXFileReference; lastKnownFileType = file.storyboard; path = AddProduct.storyboard; sourceTree = "<group>"; };
		98FB0A7725A3F9CB003B4F36 /* UITableView+EmptyMessage.swift */ = {isa = PBXFileReference; lastKnownFileType = sourcecode.swift; path = "UITableView+EmptyMessage.swift"; sourceTree = "<group>"; };
		98FB0A7B25A3FB83003B4F36 /* ShoppingItem.swift */ = {isa = PBXFileReference; lastKnownFileType = sourcecode.swift; path = ShoppingItem.swift; sourceTree = "<group>"; };
		98FB9B8D2597C553008F6674 /* HeltonHeltonLyanRicardo.app */ = {isa = PBXFileReference; explicitFileType = wrapper.application; includeInIndex = 0; path = HeltonHeltonLyanRicardo.app; sourceTree = BUILT_PRODUCTS_DIR; };
		98FB9B902597C553008F6674 /* AppDelegate.swift */ = {isa = PBXFileReference; lastKnownFileType = sourcecode.swift; path = AppDelegate.swift; sourceTree = "<group>"; };
		98FB9B942597C553008F6674 /* ProductListViewController.swift */ = {isa = PBXFileReference; lastKnownFileType = sourcecode.swift; path = ProductListViewController.swift; sourceTree = "<group>"; };
		98FB9B9A2597C553008F6674 /* HeltonHeltonLyanRicardo.xcdatamodel */ = {isa = PBXFileReference; lastKnownFileType = wrapper.xcdatamodel; path = HeltonHeltonLyanRicardo.xcdatamodel; sourceTree = "<group>"; };
		98FB9B9C2597C555008F6674 /* Assets.xcassets */ = {isa = PBXFileReference; lastKnownFileType = folder.assetcatalog; name = Assets.xcassets; path = ../Model/Assets.xcassets; sourceTree = "<group>"; };
		98FB9BA12597C555008F6674 /* Info.plist */ = {isa = PBXFileReference; lastKnownFileType = text.plist.xml; path = Info.plist; sourceTree = "<group>"; };
		CC32DDAC25B6644100574795 /* LaunchScreen.storyboard */ = {isa = PBXFileReference; lastKnownFileType = file.storyboard; path = LaunchScreen.storyboard; sourceTree = "<group>"; };
		EB13C00325B9B913007861E0 /* NewProductViewController.swift */ = {isa = PBXFileReference; lastKnownFileType = sourcecode.swift; path = NewProductViewController.swift; sourceTree = "<group>"; };
		EB13C00925BA3922007861E0 /* ToolbarPickerView.swift */ = {isa = PBXFileReference; lastKnownFileType = sourcecode.swift; path = ToolbarPickerView.swift; sourceTree = "<group>"; };
		EB1B057F25AFDAEE00525FBA /* ShoppingSummary.storyboard */ = {isa = PBXFileReference; fileEncoding = 4; lastKnownFileType = file.storyboard; path = ShoppingSummary.storyboard; sourceTree = "<group>"; };
		EB1B058025AFDAEF00525FBA /* ShoppingList.storyboard */ = {isa = PBXFileReference; fileEncoding = 4; lastKnownFileType = file.storyboard; path = ShoppingList.storyboard; sourceTree = "<group>"; };
		EB1B058125AFDAEF00525FBA /* Settings.storyboard */ = {isa = PBXFileReference; fileEncoding = 4; lastKnownFileType = file.storyboard; path = Settings.storyboard; sourceTree = "<group>"; };
		EB1B058225AFDAEF00525FBA /* Main.storyboard */ = {isa = PBXFileReference; fileEncoding = 4; lastKnownFileType = file.storyboard; path = Main.storyboard; sourceTree = "<group>"; };
		EBCE761125B62A36007A471E /* SettingsViewController.swift */ = {isa = PBXFileReference; lastKnownFileType = sourcecode.swift; path = SettingsViewController.swift; sourceTree = "<group>"; };
		EBCE761825B633CC007A471E /* StateTableViewCell.swift */ = {isa = PBXFileReference; lastKnownFileType = sourcecode.swift; path = StateTableViewCell.swift; sourceTree = "<group>"; };
		EBCE761C25B63DEA007A471E /* Settings.bundle */ = {isa = PBXFileReference; lastKnownFileType = "wrapper.plug-in"; name = Settings.bundle; path = HeltonHeltonLyanRicardo/Main/Settings.bundle; sourceTree = SOURCE_ROOT; };
		EBEA86A625BA457500B7E945 /* ProductTableViewCell.swift */ = {isa = PBXFileReference; fileEncoding = 4; lastKnownFileType = sourcecode.swift; path = ProductTableViewCell.swift; sourceTree = "<group>"; };
/* End PBXFileReference section */

/* Begin PBXFrameworksBuildPhase section */
		98FB9B8A2597C553008F6674 /* Frameworks */ = {
			isa = PBXFrameworksBuildPhase;
			buildActionMask = 2147483647;
			files = (
			);
			runOnlyForDeploymentPostprocessing = 0;
		};
/* End PBXFrameworksBuildPhase section */

/* Begin PBXGroup section */
		980DBED925BA60AA00A80AA0 /* Summary */ = {
			isa = PBXGroup;
			children = (
				980DBEDA25BA611F00A80AA0 /* ShoppingSummaryViewController.swift */,
			);
			path = Summary;
			sourceTree = "<group>";
		};
		98FB9B842597C553008F6674 = {
			isa = PBXGroup;
			children = (
				98FB9B8F2597C553008F6674 /* HeltonHeltonLyanRicardo */,
				98FB9B8E2597C553008F6674 /* Products */,
			);
			sourceTree = "<group>";
		};
		98FB9B8E2597C553008F6674 /* Products */ = {
			isa = PBXGroup;
			children = (
				98FB9B8D2597C553008F6674 /* HeltonHeltonLyanRicardo.app */,
			);
			name = Products;
			sourceTree = "<group>";
		};
		98FB9B8F2597C553008F6674 /* HeltonHeltonLyanRicardo */ = {
			isa = PBXGroup;
			children = (
				EB1B056325AFA6A200525FBA /* Main */,
				EB1B057725AFD8F100525FBA /* View */,
				EB1B056525AFA70B00525FBA /* ViewController */,
				EB1B056425AFA6FC00525FBA /* Model */,
				EB1B056625AFA71E00525FBA /* Extensions */,
			);
			path = HeltonHeltonLyanRicardo;
			sourceTree = "<group>";
		};
		EB13C00825BA3906007861E0 /* SupportingView */ = {
			isa = PBXGroup;
			children = (
				EB13C00925BA3922007861E0 /* ToolbarPickerView.swift */,
			);
			path = SupportingView;
			sourceTree = "<group>";
		};
		EB13C00E25BA41D4007861E0 /* ProductList */ = {
			isa = PBXGroup;
			children = (
				98FB9B942597C553008F6674 /* ProductListViewController.swift */,
				EBEA86A625BA457500B7E945 /* ProductTableViewCell.swift */,
			);
			path = ProductList;
			sourceTree = "<group>";
		};
		EB1B056325AFA6A200525FBA /* Main */ = {
			isa = PBXGroup;
			children = (
				EBCE761C25B63DEA007A471E /* Settings.bundle */,
				98FB9BA12597C555008F6674 /* Info.plist */,
				98FB9B992597C553008F6674 /* HeltonHeltonLyanRicardo.xcdatamodeld */,
				98FB9B902597C553008F6674 /* AppDelegate.swift */,
				98FB9B9C2597C555008F6674 /* Assets.xcassets */,
			);
			path = Main;
			sourceTree = "<group>";
		};
		EB1B056425AFA6FC00525FBA /* Model */ = {
			isa = PBXGroup;
			children = (
				98FB0A7B25A3FB83003B4F36 /* ShoppingItem.swift */,
			);
			path = Model;
			sourceTree = "<group>";
		};
		EB1B056525AFA70B00525FBA /* ViewController */ = {
			isa = PBXGroup;
			children = (
				980DBED925BA60AA00A80AA0 /* Summary */,
				EB13C00E25BA41D4007861E0 /* ProductList */,
				EBCE761B25B63C77007A471E /* Settings */,
				EB13C00325B9B913007861E0 /* NewProductViewController.swift */,
			);
			path = ViewController;
			sourceTree = "<group>";
		};
		EB1B056625AFA71E00525FBA /* Extensions */ = {
			isa = PBXGroup;
			children = (
				98FB0A7725A3F9CB003B4F36 /* UITableView+EmptyMessage.swift */,
			);
			path = Extensions;
			sourceTree = "<group>";
		};
		EB1B057725AFD8F100525FBA /* View */ = {
			isa = PBXGroup;
			children = (
				EB1B058225AFDAEF00525FBA /* Main.storyboard */,
				CC32DDAC25B6644100574795 /* LaunchScreen.storyboard */,
				EB1B058125AFDAEF00525FBA /* Settings.storyboard */,
				EB1B058025AFDAEF00525FBA /* ShoppingList.storyboard */,
				EB1B057F25AFDAEE00525FBA /* ShoppingSummary.storyboard */,
				9875BECE25B3A63A00CED5F5 /* AddProduct.storyboard */,
				EB13C00825BA3906007861E0 /* SupportingView */,
			);
			path = View;
			sourceTree = "<group>";
		};
		EBCE761B25B63C77007A471E /* Settings */ = {
			isa = PBXGroup;
			children = (
				EBCE761125B62A36007A471E /* SettingsViewController.swift */,
				EBCE761825B633CC007A471E /* StateTableViewCell.swift */,
			);
			path = Settings;
			sourceTree = "<group>";
		};
/* End PBXGroup section */

/* Begin PBXNativeTarget section */
		98FB9B8C2597C553008F6674 /* HeltonHeltonLyanRicardo */ = {
			isa = PBXNativeTarget;
			buildConfigurationList = 98FB9BA42597C555008F6674 /* Build configuration list for PBXNativeTarget "HeltonHeltonLyanRicardo" */;
			buildPhases = (
				98FB9B892597C553008F6674 /* Sources */,
				98FB9B8A2597C553008F6674 /* Frameworks */,
				98FB9B8B2597C553008F6674 /* Resources */,
			);
			buildRules = (
			);
			dependencies = (
			);
			name = HeltonHeltonLyanRicardo;
			productName = HeltonHeltonLyanRicardo;
			productReference = 98FB9B8D2597C553008F6674 /* HeltonHeltonLyanRicardo.app */;
			productType = "com.apple.product-type.application";
		};
/* End PBXNativeTarget section */

/* Begin PBXProject section */
		98FB9B852597C553008F6674 /* Project object */ = {
			isa = PBXProject;
			attributes = {
				LastSwiftUpdateCheck = 1230;
				LastUpgradeCheck = 1230;
				TargetAttributes = {
					98FB9B8C2597C553008F6674 = {
						CreatedOnToolsVersion = 12.3;
					};
				};
			};
			buildConfigurationList = 98FB9B882597C553008F6674 /* Build configuration list for PBXProject "HeltonHeltonLyanRicardo" */;
			compatibilityVersion = "Xcode 9.3";
			developmentRegion = en;
			hasScannedForEncodings = 0;
			knownRegions = (
				en,
				Base,
			);
			mainGroup = 98FB9B842597C553008F6674;
			productRefGroup = 98FB9B8E2597C553008F6674 /* Products */;
			projectDirPath = "";
			projectRoot = "";
			targets = (
				98FB9B8C2597C553008F6674 /* HeltonHeltonLyanRicardo */,
			);
		};
/* End PBXProject section */

/* Begin PBXResourcesBuildPhase section */
		98FB9B8B2597C553008F6674 /* Resources */ = {
			isa = PBXResourcesBuildPhase;
			buildActionMask = 2147483647;
			files = (
				EBCE761D25B63DEA007A471E /* Settings.bundle in Resources */,
				EB1B058325AFDAEF00525FBA /* ShoppingSummary.storyboard in Resources */,
				EB1B058425AFDAEF00525FBA /* ShoppingList.storyboard in Resources */,
				EB1B058625AFDAEF00525FBA /* Main.storyboard in Resources */,
				9875BECF25B3A63A00CED5F5 /* AddProduct.storyboard in Resources */,
				CC32DDAD25B6644100574795 /* LaunchScreen.storyboard in Resources */,
				98FB9B9D2597C555008F6674 /* Assets.xcassets in Resources */,
				EB1B058525AFDAEF00525FBA /* Settings.storyboard in Resources */,
			);
			runOnlyForDeploymentPostprocessing = 0;
		};
/* End PBXResourcesBuildPhase section */

/* Begin PBXSourcesBuildPhase section */
		98FB9B892597C553008F6674 /* Sources */ = {
			isa = PBXSourcesBuildPhase;
			buildActionMask = 2147483647;
			files = (
				98FB9B9B2597C553008F6674 /* HeltonHeltonLyanRicardo.xcdatamodeld in Sources */,
				98FB0A7825A3F9CB003B4F36 /* UITableView+EmptyMessage.swift in Sources */,
				98FB9B952597C553008F6674 /* ProductListViewController.swift in Sources */,
				EB13C00425B9B913007861E0 /* NewProductViewController.swift in Sources */,
				98FB0A7C25A3FB83003B4F36 /* ShoppingItem.swift in Sources */,
				98FB9B912597C553008F6674 /* AppDelegate.swift in Sources */,
				980DBEDB25BA611F00A80AA0 /* ShoppingSummaryViewController.swift in Sources */,
				EB13C00A25BA3922007861E0 /* ToolbarPickerView.swift in Sources */,
				EBEA86A725BA457500B7E945 /* ProductTableViewCell.swift in Sources */,
				EBCE761225B62A36007A471E /* SettingsViewController.swift in Sources */,
				EBCE761925B633CC007A471E /* StateTableViewCell.swift in Sources */,
			);
			runOnlyForDeploymentPostprocessing = 0;
		};
/* End PBXSourcesBuildPhase section */

/* Begin XCBuildConfiguration section */
		98FB9BA22597C555008F6674 /* Debug */ = {
			isa = XCBuildConfiguration;
			buildSettings = {
				ALWAYS_SEARCH_USER_PATHS = NO;
				CLANG_ANALYZER_NONNULL = YES;
				CLANG_ANALYZER_NUMBER_OBJECT_CONVERSION = YES_AGGRESSIVE;
				CLANG_CXX_LANGUAGE_STANDARD = "gnu++14";
				CLANG_CXX_LIBRARY = "libc++";
				CLANG_ENABLE_MODULES = YES;
				CLANG_ENABLE_OBJC_ARC = YES;
				CLANG_ENABLE_OBJC_WEAK = YES;
				CLANG_WARN_BLOCK_CAPTURE_AUTORELEASING = YES;
				CLANG_WARN_BOOL_CONVERSION = YES;
				CLANG_WARN_COMMA = YES;
				CLANG_WARN_CONSTANT_CONVERSION = YES;
				CLANG_WARN_DEPRECATED_OBJC_IMPLEMENTATIONS = YES;
				CLANG_WARN_DIRECT_OBJC_ISA_USAGE = YES_ERROR;
				CLANG_WARN_DOCUMENTATION_COMMENTS = YES;
				CLANG_WARN_EMPTY_BODY = YES;
				CLANG_WARN_ENUM_CONVERSION = YES;
				CLANG_WARN_INFINITE_RECURSION = YES;
				CLANG_WARN_INT_CONVERSION = YES;
				CLANG_WARN_NON_LITERAL_NULL_CONVERSION = YES;
				CLANG_WARN_OBJC_IMPLICIT_RETAIN_SELF = YES;
				CLANG_WARN_OBJC_LITERAL_CONVERSION = YES;
				CLANG_WARN_OBJC_ROOT_CLASS = YES_ERROR;
				CLANG_WARN_QUOTED_INCLUDE_IN_FRAMEWORK_HEADER = YES;
				CLANG_WARN_RANGE_LOOP_ANALYSIS = YES;
				CLANG_WARN_STRICT_PROTOTYPES = YES;
				CLANG_WARN_SUSPICIOUS_MOVE = YES;
				CLANG_WARN_UNGUARDED_AVAILABILITY = YES_AGGRESSIVE;
				CLANG_WARN_UNREACHABLE_CODE = YES;
				CLANG_WARN__DUPLICATE_METHOD_MATCH = YES;
				COPY_PHASE_STRIP = NO;
				DEBUG_INFORMATION_FORMAT = dwarf;
				ENABLE_STRICT_OBJC_MSGSEND = YES;
				ENABLE_TESTABILITY = YES;
				GCC_C_LANGUAGE_STANDARD = gnu11;
				GCC_DYNAMIC_NO_PIC = NO;
				GCC_NO_COMMON_BLOCKS = YES;
				GCC_OPTIMIZATION_LEVEL = 0;
				GCC_PREPROCESSOR_DEFINITIONS = (
					"DEBUG=1",
					"$(inherited)",
				);
				GCC_WARN_64_TO_32_BIT_CONVERSION = YES;
				GCC_WARN_ABOUT_RETURN_TYPE = YES_ERROR;
				GCC_WARN_UNDECLARED_SELECTOR = YES;
				GCC_WARN_UNINITIALIZED_AUTOS = YES_AGGRESSIVE;
				GCC_WARN_UNUSED_FUNCTION = YES;
				GCC_WARN_UNUSED_VARIABLE = YES;
				IPHONEOS_DEPLOYMENT_TARGET = 14.3;
				MTL_ENABLE_DEBUG_INFO = INCLUDE_SOURCE;
				MTL_FAST_MATH = YES;
				ONLY_ACTIVE_ARCH = YES;
				SDKROOT = iphoneos;
				SWIFT_ACTIVE_COMPILATION_CONDITIONS = DEBUG;
				SWIFT_OPTIMIZATION_LEVEL = "-Onone";
			};
			name = Debug;
		};
		98FB9BA32597C555008F6674 /* Release */ = {
			isa = XCBuildConfiguration;
			buildSettings = {
				ALWAYS_SEARCH_USER_PATHS = NO;
				CLANG_ANALYZER_NONNULL = YES;
				CLANG_ANALYZER_NUMBER_OBJECT_CONVERSION = YES_AGGRESSIVE;
				CLANG_CXX_LANGUAGE_STANDARD = "gnu++14";
				CLANG_CXX_LIBRARY = "libc++";
				CLANG_ENABLE_MODULES = YES;
				CLANG_ENABLE_OBJC_ARC = YES;
				CLANG_ENABLE_OBJC_WEAK = YES;
				CLANG_WARN_BLOCK_CAPTURE_AUTORELEASING = YES;
				CLANG_WARN_BOOL_CONVERSION = YES;
				CLANG_WARN_COMMA = YES;
				CLANG_WARN_CONSTANT_CONVERSION = YES;
				CLANG_WARN_DEPRECATED_OBJC_IMPLEMENTATIONS = YES;
				CLANG_WARN_DIRECT_OBJC_ISA_USAGE = YES_ERROR;
				CLANG_WARN_DOCUMENTATION_COMMENTS = YES;
				CLANG_WARN_EMPTY_BODY = YES;
				CLANG_WARN_ENUM_CONVERSION = YES;
				CLANG_WARN_INFINITE_RECURSION = YES;
				CLANG_WARN_INT_CONVERSION = YES;
				CLANG_WARN_NON_LITERAL_NULL_CONVERSION = YES;
				CLANG_WARN_OBJC_IMPLICIT_RETAIN_SELF = YES;
				CLANG_WARN_OBJC_LITERAL_CONVERSION = YES;
				CLANG_WARN_OBJC_ROOT_CLASS = YES_ERROR;
				CLANG_WARN_QUOTED_INCLUDE_IN_FRAMEWORK_HEADER = YES;
				CLANG_WARN_RANGE_LOOP_ANALYSIS = YES;
				CLANG_WARN_STRICT_PROTOTYPES = YES;
				CLANG_WARN_SUSPICIOUS_MOVE = YES;
				CLANG_WARN_UNGUARDED_AVAILABILITY = YES_AGGRESSIVE;
				CLANG_WARN_UNREACHABLE_CODE = YES;
				CLANG_WARN__DUPLICATE_METHOD_MATCH = YES;
				COPY_PHASE_STRIP = NO;
				DEBUG_INFORMATION_FORMAT = "dwarf-with-dsym";
				ENABLE_NS_ASSERTIONS = NO;
				ENABLE_STRICT_OBJC_MSGSEND = YES;
				GCC_C_LANGUAGE_STANDARD = gnu11;
				GCC_NO_COMMON_BLOCKS = YES;
				GCC_WARN_64_TO_32_BIT_CONVERSION = YES;
				GCC_WARN_ABOUT_RETURN_TYPE = YES_ERROR;
				GCC_WARN_UNDECLARED_SELECTOR = YES;
				GCC_WARN_UNINITIALIZED_AUTOS = YES_AGGRESSIVE;
				GCC_WARN_UNUSED_FUNCTION = YES;
				GCC_WARN_UNUSED_VARIABLE = YES;
				IPHONEOS_DEPLOYMENT_TARGET = 14.3;
				MTL_ENABLE_DEBUG_INFO = NO;
				MTL_FAST_MATH = YES;
				SDKROOT = iphoneos;
				SWIFT_COMPILATION_MODE = wholemodule;
				SWIFT_OPTIMIZATION_LEVEL = "-O";
				VALIDATE_PRODUCT = YES;
			};
			name = Release;
		};
		98FB9BA52597C555008F6674 /* Debug */ = {
			isa = XCBuildConfiguration;
			buildSettings = {
				ASSETCATALOG_COMPILER_APPICON_NAME = AppIcon;
				ASSETCATALOG_COMPILER_GLOBAL_ACCENT_COLOR_NAME = AccentColor;
				CODE_SIGN_STYLE = Automatic;
				INFOPLIST_FILE = "${SRCROOT}/HeltonHeltonLyanRicardo/Main/Info.plist";
				LD_RUNPATH_SEARCH_PATHS = (
					"$(inherited)",
					"@executable_path/Frameworks",
				);
				PRODUCT_BUNDLE_IDENTIFIER = br.com.hhlr.HeltonHeltonLyanRicardo;
				PRODUCT_NAME = "$(TARGET_NAME)";
				SWIFT_VERSION = 5.0;
				TARGETED_DEVICE_FAMILY = 1;
			};
			name = Debug;
		};
		98FB9BA62597C555008F6674 /* Release */ = {
			isa = XCBuildConfiguration;
			buildSettings = {
				ASSETCATALOG_COMPILER_APPICON_NAME = AppIcon;
				ASSETCATALOG_COMPILER_GLOBAL_ACCENT_COLOR_NAME = AccentColor;
				CODE_SIGN_STYLE = Automatic;
				INFOPLIST_FILE = "${SRCROOT}/HeltonHeltonLyanRicardo/Main/Info.plist";
				LD_RUNPATH_SEARCH_PATHS = (
					"$(inherited)",
					"@executable_path/Frameworks",
				);
				PRODUCT_BUNDLE_IDENTIFIER = br.com.hhlr.HeltonHeltonLyanRicardo;
				PRODUCT_NAME = "$(TARGET_NAME)";
				SWIFT_VERSION = 5.0;
				TARGETED_DEVICE_FAMILY = 1;
			};
			name = Release;
		};
/* End XCBuildConfiguration section */

/* Begin XCConfigurationList section */
		98FB9B882597C553008F6674 /* Build configuration list for PBXProject "HeltonHeltonLyanRicardo" */ = {
			isa = XCConfigurationList;
			buildConfigurations = (
				98FB9BA22597C555008F6674 /* Debug */,
				98FB9BA32597C555008F6674 /* Release */,
			);
			defaultConfigurationIsVisible = 0;
			defaultConfigurationName = Release;
		};
		98FB9BA42597C555008F6674 /* Build configuration list for PBXNativeTarget "HeltonHeltonLyanRicardo" */ = {
			isa = XCConfigurationList;
			buildConfigurations = (
				98FB9BA52597C555008F6674 /* Debug */,
				98FB9BA62597C555008F6674 /* Release */,
			);
			defaultConfigurationIsVisible = 0;
			defaultConfigurationName = Release;
		};
/* End XCConfigurationList section */

/* Begin XCVersionGroup section */
		98FB9B992597C553008F6674 /* HeltonHeltonLyanRicardo.xcdatamodeld */ = {
			isa = XCVersionGroup;
			children = (
				98FB9B9A2597C553008F6674 /* HeltonHeltonLyanRicardo.xcdatamodel */,
			);
			currentVersion = 98FB9B9A2597C553008F6674 /* HeltonHeltonLyanRicardo.xcdatamodel */;
			path = HeltonHeltonLyanRicardo.xcdatamodeld;
			sourceTree = "<group>";
			versionGroupType = wrapper.xcdatamodel;
		};
/* End XCVersionGroup section */
	};
	rootObject = 98FB9B852597C553008F6674 /* Project object */;
}
